
Microsoft Visual Studio Solution File, Format Version 12.00
# Visual Studio Version 17
VisualStudioVersion = 17.14.36301.6 d17.14
MinimumVisualStudioVersion = 10.0.40219.1
Project("{FAE04EC0-301F-11D3-BF4B-00C04F79EFBC}") = "LocalizaVeiculos", "LocalizaVeiculos\LocalizaVeiculos.csproj", "{BF094AEB-02AB-4667-93E7-74923CCE3D17}"
EndProject
Global
	GlobalSection(SolutionConfigurationPlatforms) = preSolution
		Debug|Any CPU = Debug|Any CPU
		Release|Any CPU = Release|Any CPU
	EndGlobalSection
	GlobalSection(ProjectConfigurationPlatforms) = postSolution
		{BF094AEB-02AB-4667-93E7-74923CCE3D17}.Debug|Any CPU.ActiveCfg = Debug|Any CPU
		{BF094AEB-02AB-4667-93E7-74923CCE3D17}.Debug|Any CPU.Build.0 = Debug|Any CPU
		{BF094AEB-02AB-4667-93E7-74923CCE3D17}.Release|Any CPU.ActiveCfg = Release|Any CPU
		{BF094AEB-02AB-4667-93E7-74923CCE3D17}.Release|Any CPU.Build.0 = Release|Any CPU
	EndGlobalSection
	GlobalSection(SolutionProperties) = preSolution
		HideSolutionNode = FALSE
	EndGlobalSection
	GlobalSection(ExtensibilityGlobals) = postSolution
		SolutionGuid = {658D753B-C507-4823-A51C-C4FA48A305DD}
	EndGlobalSection
EndGlobal
